// !$*UTF8*$!
{
	archiveVersion = 1;
	classes = {
	};
	objectVersion = 46;
	objects = {

/* Begin PBXBuildFile section */
		852B9C761B504D5E006DE459 /* AppDelegate.swift in Sources */ = {isa = PBXBuildFile; fileRef = 852B9C751B504D5E006DE459 /* AppDelegate.swift */; };
		852B9C781B504D5E006DE459 /* ViewController.swift in Sources */ = {isa = PBXBuildFile; fileRef = 852B9C771B504D5E006DE459 /* ViewController.swift */; };
		852B9C7B1B504D5E006DE459 /* Main.storyboard in Resources */ = {isa = PBXBuildFile; fileRef = 852B9C791B504D5E006DE459 /* Main.storyboard */; };
		852B9C7D1B504D5E006DE459 /* Images.xcassets in Resources */ = {isa = PBXBuildFile; fileRef = 852B9C7C1B504D5E006DE459 /* Images.xcassets */; };
		852B9C801B504D5E006DE459 /* LaunchScreen.xib in Resources */ = {isa = PBXBuildFile; fileRef = 852B9C7E1B504D5E006DE459 /* LaunchScreen.xib */; };
		852B9C8C1B504D5E006DE459 /* MKMapSampleTests.swift in Sources */ = {isa = PBXBuildFile; fileRef = 852B9C8B1B504D5E006DE459 /* MKMapSampleTests.swift */; };
/* End PBXBuildFile section */

/* Begin PBXContainerItemProxy section */
		852B9C861B504D5E006DE459 /* PBXContainerItemProxy */ = {
			isa = PBXContainerItemProxy;
			containerPortal = 852B9C681B504D5E006DE459 /* Project object */;
			proxyType = 1;
			remoteGlobalIDString = 852B9C6F1B504D5E006DE459;
			remoteInfo = MKMapSample;
		};
/* End PBXContainerItemProxy section */

/* Begin PBXFileReference section */
		852B9C701B504D5E006DE459 /* MKMapSample.app */ = {isa = PBXFileReference; explicitFileType = wrapper.application; includeInIndex = 0; path = MKMapSample.app; sourceTree = BUILT_PRODUCTS_DIR; };
		852B9C741B504D5E006DE459 /* Info.plist */ = {isa = PBXFileReference; lastKnownFileType = text.plist.xml; path = Info.plist; sourceTree = "<group>"; };
		852B9C751B504D5E006DE459 /* AppDelegate.swift */ = {isa = PBXFileReference; lastKnownFileType = sourcecode.swift; path = AppDelegate.swift; sourceTree = "<group>"; };
		852B9C771B504D5E006DE459 /* ViewController.swift */ = {isa = PBXFileReference; lastKnownFileType = sourcecode.swift; path = ViewController.swift; sourceTree = "<group>"; };
		852B9C7A1B504D5E006DE459 /* Base */ = {isa = PBXFileReference; lastKnownFileType = file.storyboard; name = Base; path = Base.lproj/Main.storyboard; sourceTree = "<group>"; };
		852B9C7C1B504D5E006DE459 /* Images.xcassets */ = {isa = PBXFileReference; lastKnownFileType = folder.assetcatalog; path = Images.xcassets; sourceTree = "<group>"; };
		852B9C7F1B504D5E006DE459 /* Base */ = {isa = PBXFileReference; lastKnownFileType = file.xib; name = Base; path = Base.lproj/LaunchScreen.xib; sourceTree = "<group>"; };
		852B9C851B504D5E006DE459 /* MKMapSampleTests.xctest */ = {isa = PBXFileReference; explicitFileType = wrapper.cfbundle; includeInIndex = 0; path = MKMapSampleTests.xctest; sourceTree = BUILT_PRODUCTS_DIR; };
		852B9C8A1B504D5E006DE459 /* Info.plist */ = {isa = PBXFileReference; lastKnownFileType = text.plist.xml; path = Info.plist; sourceTree = "<group>"; };
		852B9C8B1B504D5E006DE459 /* MKMapSampleTests.swift */ = {isa = PBXFileReference; lastKnownFileType = sourcecode.swift; path = MKMapSampleTests.swift; sourceTree = "<group>"; };
/* End PBXFileReference section */

/* Begin PBXFrameworksBuildPhase section */
		852B9C6D1B504D5E006DE459 /* Frameworks */ = {
			isa = PBXFrameworksBuildPhase;
			buildActionMask = 2147483647;
			files = (
			);
			runOnlyForDeploymentPostprocessing = 0;
		};
		852B9C821B504D5E006DE459 /* Frameworks */ = {
			isa = PBXFrameworksBuildPhase;
			buildActionMask = 2147483647;
			files = (
			);
			runOnlyForDeploymentPostprocessing = 0;
		};
/* End PBXFrameworksBuildPhase section */

/* Begin PBXGroup section */
		852B9C671B504D5E006DE459 = {
			isa = PBXGroup;
			children = (
				852B9C721B504D5E006DE459 /* MKMapSample */,
				852B9C881B504D5E006DE459 /* MKMapSampleTests */,
				852B9C711B504D5E006DE459 /* Products */,
			);
			sourceTree = "<group>";
		};
		852B9C711B504D5E006DE459 /* Products */ = {
			isa = PBXGroup;
			children = (
				852B9C701B504D5E006DE459 /* MKMapSample.app */,
				852B9C851B504D5E006DE459 /* MKMapSampleTests.xctest */,
			);
			name = Products;
			sourceTree = "<group>";
		};
		852B9C721B504D5E006DE459 /* MKMapSample */ = {
			isa = PBXGroup;
			children = (
				852B9C751B504D5E006DE459 /* AppDelegate.swift */,
				852B9C771B504D5E006DE459 /* ViewController.swift */,
				852B9C791B504D5E006DE459 /* Main.storyboard */,
				852B9C7C1B504D5E006DE459 /* Images.xcassets */,
				852B9C7E1B504D5E006DE459 /* LaunchScreen.xib */,
				852B9C731B504D5E006DE459 /* Supporting Files */,
			);
			path = MKMapSample;
			sourceTree = "<group>";
		};
		852B9C731B504D5E006DE459 /* Supporting Files */ = {
			isa = PBXGroup;
			children = (
				852B9C741B504D5E006DE459 /* Info.plist */,
			);
			name = "Supporting Files";
			sourceTree = "<group>";
		};
		852B9C881B504D5E006DE459 /* MKMapSampleTests */ = {
			isa = PBXGroup;
			children = (
				852B9C8B1B504D5E006DE459 /* MKMapSampleTests.swift */,
				852B9C891B504D5E006DE459 /* Supporting Files */,
			);
			path = MKMapSampleTests;
			sourceTree = "<group>";
		};
		852B9C891B504D5E006DE459 /* Supporting Files */ = {
			isa = PBXGroup;
			children = (
				852B9C8A1B504D5E006DE459 /* Info.plist */,
			);
			name = "Supporting Files";
			sourceTree = "<group>";
		};
/* End PBXGroup section */

/* Begin PBXNativeTarget section */
		852B9C6F1B504D5E006DE459 /* MKMapSample */ = {
			isa = PBXNativeTarget;
			buildConfigurationList = 852B9C8F1B504D5E006DE459 /* Build configuration list for PBXNativeTarget "MKMapSample" */;
			buildPhases = (
				852B9C6C1B504D5E006DE459 /* Sources */,
				852B9C6D1B504D5E006DE459 /* Frameworks */,
				852B9C6E1B504D5E006DE459 /* Resources */,
			);
			buildRules = (
			);
			dependencies = (
			);
			name = MKMapSample;
			productName = MKMapSample;
			productReference = 852B9C701B504D5E006DE459 /* MKMapSample.app */;
			productType = "com.apple.product-type.application";
		};
		852B9C841B504D5E006DE459 /* MKMapSampleTests */ = {
			isa = PBXNativeTarget;
			buildConfigurationList = 852B9C921B504D5E006DE459 /* Build configuration list for PBXNativeTarget "MKMapSampleTests" */;
			buildPhases = (
				852B9C811B504D5E006DE459 /* Sources */,
				852B9C821B504D5E006DE459 /* Frameworks */,
				852B9C831B504D5E006DE459 /* Resources */,
			);
			buildRules = (
			);
			dependencies = (
				852B9C871B504D5E006DE459 /* PBXTargetDependency */,
			);
			name = MKMapSampleTests;
			productName = MKMapSampleTests;
			productReference = 852B9C851B504D5E006DE459 /* MKMapSampleTests.xctest */;
			productType = "com.apple.product-type.bundle.unit-test";
		};
/* End PBXNativeTarget section */

/* Begin PBXProject section */
		852B9C681B504D5E006DE459 /* Project object */ = {
			isa = PBXProject;
			attributes = {
				LastUpgradeCheck = 0640;
				ORGANIZATIONNAME = "Ziyang Tan";
				TargetAttributes = {
					852B9C6F1B504D5E006DE459 = {
						CreatedOnToolsVersion = 6.4;
					};
					852B9C841B504D5E006DE459 = {
						CreatedOnToolsVersion = 6.4;
						TestTargetID = 852B9C6F1B504D5E006DE459;
					};
				};
			};
			buildConfigurationList = 852B9C6B1B504D5E006DE459 /* Build configuration list for PBXProject "MKMapSample" */;
			compatibilityVersion = "Xcode 3.2";
			developmentRegion = English;
			hasScannedForEncodings = 0;
			knownRegions = (
				en,
				Base,
			);
			mainGroup = 852B9C671B504D5E006DE459;
			productRefGroup = 852B9C711B504D5E006DE459 /* Products */;
			projectDirPath = "";
			projectRoot = "";
			targets = (
				852B9C6F1B504D5E006DE459 /* MKMapSample */,
				852B9C841B504D5E006DE459 /* MKMapSampleTests */,
			);
		};
/* End PBXProject section */

/* Begin PBXResourcesBuildPhase section */
		852B9C6E1B504D5E006DE459 /* Resources */ = {
			isa = PBXResourcesBuildPhase;
			buildActionMask = 2147483647;
			files = (
				852B9C7B1B504D5E006DE459 /* Main.storyboard in Resources */,
				852B9C801B504D5E006DE459 /* LaunchScreen.xib in Resources */,
				852B9C7D1B504D5E006DE459 /* Images.xcassets in Resources */,
			);
			runOnlyForDeploymentPostprocessing = 0;
		};
		852B9C831B504D5E006DE459 /* Resources */ = {
			isa = PBXResourcesBuildPhase;
			buildActionMask = 2147483647;
			files = (
			);
			runOnlyForDeploymentPostprocessing = 0;
		};
/* End PBXResourcesBuildPhase section */

/* Begin PBXSourcesBuildPhase section */
		852B9C6C1B504D5E006DE459 /* Sources */ = {
			isa = PBXSourcesBuildPhase;
			buildActionMask = 2147483647;
			files = (
				852B9C781B504D5E006DE459 /* ViewController.swift in Sources */,
				852B9C761B504D5E006DE459 /* AppDelegate.swift in Sources */,
			);
			runOnlyForDeploymentPostprocessing = 0;
		};
		852B9C811B504D5E006DE459 /* Sources */ = {
			isa = PBXSourcesBuildPhase;
			buildActionMask = 2147483647;
			files = (
				852B9C8C1B504D5E006DE459 /* MKMapSampleTests.swift in Sources */,
			);
			runOnlyForDeploymentPostprocessing = 0;
		};
/* End PBXSourcesBuildPhase section */

/* Begin PBXTargetDependency section */
		852B9C871B504D5E006DE459 /* PBXTargetDependency */ = {
			isa = PBXTargetDependency;
			target = 852B9C6F1B504D5E006DE459 /* MKMapSample */;
			targetProxy = 852B9C861B504D5E006DE459 /* PBXContainerItemProxy */;
		};
/* End PBXTargetDependency section */

/* Begin PBXVariantGroup section */
		852B9C791B504D5E006DE459 /* Main.storyboard */ = {
			isa = PBXVariantGroup;
			children = (
				852B9C7A1B504D5E006DE459 /* Base */,
			);
			name = Main.storyboard;
			sourceTree = "<group>";
		};
		852B9C7E1B504D5E006DE459 /* LaunchScreen.xib */ = {
			isa = PBXVariantGroup;
			children = (
				852B9C7F1B504D5E006DE459 /* Base */,
			);
			name = LaunchScreen.xib;
			sourceTree = "<group>";
		};
/* End PBXVariantGroup section */

/* Begin XCBuildConfiguration section */
		852B9C8D1B504D5E006DE459 /* Debug */ = {
			isa = XCBuildConfiguration;
			buildSettings = {
				ALWAYS_SEARCH_USER_PATHS = NO;
				CLANG_CXX_LANGUAGE_STANDARD = "gnu++0x";
				CLANG_CXX_LIBRARY = "libc++";
				CLANG_ENABLE_MODULES = YES;
				CLANG_ENABLE_OBJC_ARC = YES;
				CLANG_WARN_BOOL_CONVERSION = YES;
				CLANG_WARN_CONSTANT_CONVERSION = YES;
				CLANG_WARN_DIRECT_OBJC_ISA_USAGE = YES_ERROR;
				CLANG_WARN_EMPTY_BODY = YES;
				CLANG_WARN_ENUM_CONVERSION = YES;
				CLANG_WARN_INT_CONVERSION = YES;
				CLANG_WARN_OBJC_ROOT_CLASS = YES_ERROR;
				CLANG_WARN_UNREACHABLE_CODE = YES;
				CLANG_WARN__DUPLICATE_METHOD_MATCH = YES;
				"CODE_SIGN_IDENTITY[sdk=iphoneos*]" = "iPhone Developer";
				COPY_PHASE_STRIP = NO;
				DEBUG_INFORMATION_FORMAT = "dwarf-with-dsym";
				ENABLE_STRICT_OBJC_MSGSEND = YES;
				GCC_C_LANGUAGE_STANDARD = gnu99;
				GCC_DYNAMIC_NO_PIC = NO;
				GCC_NO_COMMON_BLOCKS = YES;
				GCC_OPTIMIZATION_LEVEL = 0;
				GCC_PREPROCESSOR_DEFINITIONS = (
					"DEBUG=1",
					"$(inherited)",
				);
				GCC_SYMBOLS_PRIVATE_EXTERN = NO;
				GCC_WARN_64_TO_32_BIT_CONVERSION = YES;
				GCC_WARN_ABOUT_RETURN_TYPE = YES_ERROR;
				GCC_WARN_UNDECLARED_SELECTOR = YES;
				GCC_WARN_UNINITIALIZED_AUTOS = YES_AGGRESSIVE;
				GCC_WARN_UNUSED_FUNCTION = YES;
				GCC_WARN_UNUSED_VARIABLE = YES;
				IPHONEOS_DEPLOYMENT_TARGET = 8.4;
				MTL_ENABLE_DEBUG_INFO = YES;
				ONLY_ACTIVE_ARCH = YES;
				SDKROOT = iphoneos;
				SWIFT_OPTIMIZATION_LEVEL = "-Onone";
			};
			name = Debug;
		};
		852B9C8E1B504D5E006DE459 /* Release */ = {
			isa = XCBuildConfiguration;
			buildSettings = {
				ALWAYS_SEARCH_USER_PATHS = NO;
				CLANG_CXX_LANGUAGE_STANDARD = "gnu++0x";
				CLANG_CXX_LIBRARY = "libc++";
				CLANG_ENABLE_MODULES = YES;
				CLANG_ENABLE_OBJC_ARC = YES;
				CLANG_WARN_BOOL_CONVERSION = YES;
				CLANG_WARN_CONSTANT_CONVERSION = YES;
				CLANG_WARN_DIRECT_OBJC_ISA_USAGE = YES_ERROR;
				CLANG_WARN_EMPTY_BODY = YES;
				CLANG_WARN_ENUM_CONVERSION = YES;
				CLANG_WARN_INT_CONVERSION = YES;
				CLANG_WARN_OBJC_ROOT_CLASS = YES_ERROR;
				CLANG_WARN_UNREACHABLE_CODE = YES;
				CLANG_WARN__DUPLICATE_METHOD_MATCH = YES;
				"CODE_SIGN_IDENTITY[sdk=iphoneos*]" = "iPhone Developer";
				COPY_PHASE_STRIP = NO;
				DEBUG_INFORMATION_FORMAT = "dwarf-with-dsym";
				ENABLE_NS_ASSERTIONS = NO;
				ENABLE_STRICT_OBJC_MSGSEND = YES;
				GCC_C_LANGUAGE_STANDARD = gnu99;
				GCC_NO_COMMON_BLOCKS = YES;
				GCC_WARN_64_TO_32_BIT_CONVERSION = YES;
				GCC_WARN_ABOUT_RETURN_TYPE = YES_ERROR;
				GCC_WARN_UNDECLARED_SELECTOR = YES;
				GCC_WARN_UNINITIALIZED_AUTOS = YES_AGGRESSIVE;
				GCC_WARN_UNUSED_FUNCTION = YES;
				GCC_WARN_UNUSED_VARIABLE = YES;
				IPHONEOS_DEPLOYMENT_TARGET = 8.4;
				MTL_ENABLE_DEBUG_INFO = NO;
				SDKROOT = iphoneos;
				VALIDATE_PRODUCT = YES;
			};
			name = Release;
		};
		852B9C901B504D5E006DE459 /* Debug */ = {
			isa = XCBuildConfiguration;
			buildSettings = {
				ASSETCATALOG_COMPILER_APPICON_NAME = AppIcon;
				INFOPLIST_FILE = MKMapSample/Info.plist;
				LD_RUNPATH_SEARCH_PATHS = "$(inherited) @executable_path/Frameworks";
				PRODUCT_NAME = "$(TARGET_NAME)";
			};
			name = Debug;
		};
		852B9C911B504D5E006DE459 /* Release */ = {
			isa = XCBuildConfiguration;
			buildSettings = {
				ASSETCATALOG_COMPILER_APPICON_NAME = AppIcon;
				INFOPLIST_FILE = MKMapSample/Info.plist;
				LD_RUNPATH_SEARCH_PATHS = "$(inherited) @executable_path/Frameworks";
				PRODUCT_NAME = "$(TARGET_NAME)";
			};
			name = Release;
		};
		852B9C931B504D5E006DE459 /* Debug */ = {
			isa = XCBuildConfiguration;
			buildSettings = {
				BUNDLE_LOADER = "$(TEST_HOST)";
				FRAMEWORK_SEARCH_PATHS = (
					"$(SDKROOT)/Developer/Library/Frameworks",
					"$(inherited)",
				);
				GCC_PREPROCESSOR_DEFINITIONS = (
					"DEBUG=1",
					"$(inherited)",
				);
				INFOPLIST_FILE = MKMapSampleTests/Info.plist;
				LD_RUNPATH_SEARCH_PATHS = "$(inherited) @executable_path/Frameworks @loader_path/Frameworks";
				PRODUCT_NAME = "$(TARGET_NAME)";
				TEST_HOST = "$(BUILT_PRODUCTS_DIR)/MKMapSample.app/MKMapSample";
			};
			name = Debug;
		};
		852B9C941B504D5E006DE459 /* Release */ = {
			isa = XCBuildConfiguration;
			buildSettings = {
				BUNDLE_LOADER = "$(TEST_HOST)";
				FRAMEWORK_SEARCH_PATHS = (
					"$(SDKROOT)/Developer/Library/Frameworks",
					"$(inherited)",
				);
				INFOPLIST_FILE = MKMapSampleTests/Info.plist;
				LD_RUNPATH_SEARCH_PATHS = "$(inherited) @executable_path/Frameworks @loader_path/Frameworks";
				PRODUCT_NAME = "$(TARGET_NAME)";
				TEST_HOST = "$(BUILT_PRODUCTS_DIR)/MKMapSample.app/MKMapSample";
			};
			name = Release;
		};
/* End XCBuildConfiguration section */

/* Begin XCConfigurationList section */
		852B9C6B1B504D5E006DE459 /* Build configuration list for PBXProject "MKMapSample" */ = {
			isa = XCConfigurationList;
			buildConfigurations = (
				852B9C8D1B504D5E006DE459 /* Debug */,
				852B9C8E1B504D5E006DE459 /* Release */,
			);
			defaultConfigurationIsVisible = 0;
			defaultConfigurationName = Release;
		};
		852B9C8F1B504D5E006DE459 /* Build configuration list for PBXNativeTarget "MKMapSample" */ = {
			isa = XCConfigurationList;
			buildConfigurations = (
				852B9C901B504D5E006DE459 /* Debug */,
				852B9C911B504D5E006DE459 /* Release */,
			);
			defaultConfigurationIsVisible = 0;
		};
		852B9C921B504D5E006DE459 /* Build configuration list for PBXNativeTarget "MKMapSampleTests" */ = {
			isa = XCConfigurationList;
			buildConfigurations = (
				852B9C931B504D5E006DE459 /* Debug */,
				852B9C941B504D5E006DE459 /* Release */,
			);
			defaultConfigurationIsVisible = 0;
		};
/* End XCConfigurationList section */
	};
	rootObject = 852B9C681B504D5E006DE459 /* Project object */;
}
